{
  "name": "kochessenz-ai",
  "lockfileVersion": 2,
  "requires": true,
  "packages": {
    "": {
      "dependencies": {
        "@octokit/core": "^4.2.0",
        "@octokit/plugin-rest-endpoint-methods": "^7.0.1",
        "axios": "^1.2.3",
        "dayjs": "^1.11.7",
        "dotenv": "^16.0.3",
        "markdown-it": "^13.0.1",
        "sanitize-html": "^2.8.1",
        "uuid": "^9.0.0"
      },
      "devDependencies": {
        "@types/sanitize-html": "^2.8.0"
      }
    },
    "node_modules/@octokit/auth-token": {
      "version": "3.0.2",
      "resolved": "https://registry.npmjs.org/@octokit/auth-token/-/auth-token-3.0.2.tgz",
      "integrity": "sha512-pq7CwIMV1kmzkFTimdwjAINCXKTajZErLB4wMLYapR2nuB/Jpr66+05wOTZMSCBXP6n4DdDWT2W19Bm17vU69Q==",
      "dependencies": {
        "@octokit/types": "^8.0.0"
      },
      "engines": {
        "node": ">= 14"
      }
    },
    "node_modules/@octokit/auth-token/node_modules/@octokit/openapi-types": {
      "version": "14.0.0",
      "resolved": "https://registry.npmjs.org/@octokit/openapi-types/-/openapi-types-14.0.0.tgz",
      "integrity": "sha512-HNWisMYlR8VCnNurDU6os2ikx0s0VyEjDYHNS/h4cgb8DeOxQ0n72HyinUtdDVxJhFy3FWLGl0DJhfEWk3P5Iw=="
    },
    "node_modules/@octokit/auth-token/node_modules/@octokit/types": {
      "version": "8.2.1",
      "resolved": "https://registry.npmjs.org/@octokit/types/-/types-8.2.1.tgz",
      "integrity": "sha512-8oWMUji8be66q2B9PmEIUyQm00VPDPun07umUWSaCwxmeaquFBro4Hcc3ruVoDo3zkQyZBlRvhIMEYS3pBhanw==",
      "dependencies": {
        "@octokit/openapi-types": "^14.0.0"
      }
    },
    "node_modules/@octokit/core": {
      "version": "4.2.0",
      "resolved": "https://registry.npmjs.org/@octokit/core/-/core-4.2.0.tgz",
      "integrity": "sha512-AgvDRUg3COpR82P7PBdGZF/NNqGmtMq2NiPqeSsDIeCfYFOZ9gddqWNQHnFdEUf+YwOj4aZYmJnlPp7OXmDIDg==",
      "dependencies": {
        "@octokit/auth-token": "^3.0.0",
        "@octokit/graphql": "^5.0.0",
        "@octokit/request": "^6.0.0",
        "@octokit/request-error": "^3.0.0",
        "@octokit/types": "^9.0.0",
        "before-after-hook": "^2.2.0",
        "universal-user-agent": "^6.0.0"
      },
      "engines": {
        "node": ">= 14"
      }
    },
    "node_modules/@octokit/endpoint": {
      "version": "7.0.4",
      "resolved": "https://registry.npmjs.org/@octokit/endpoint/-/endpoint-7.0.4.tgz",
      "integrity": "sha512-hXJP43VT2IrUxBCNIahta8qawpIzLvCjHLCuDDsdIPbd6+jPwsc3KGl/kdQ37mLd+sdiJm6c9qKI7k5CjE0Z9A==",
      "dependencies": {
        "@octokit/types": "^9.0.0",
        "is-plain-object": "^5.0.0",
        "universal-user-agent": "^6.0.0"
      },
      "engines": {
        "node": ">= 14"
      }
    },
    "node_modules/@octokit/graphql": {
      "version": "5.0.5",
      "resolved": "https://registry.npmjs.org/@octokit/graphql/-/graphql-5.0.5.tgz",
      "integrity": "sha512-Qwfvh3xdqKtIznjX9lz2D458r7dJPP8l6r4GQkIdWQouZwHQK0mVT88uwiU2bdTU2OtT1uOlKpRciUWldpG0yQ==",
      "dependencies": {
        "@octokit/request": "^6.0.0",
        "@octokit/types": "^9.0.0",
        "universal-user-agent": "^6.0.0"
      },
      "engines": {
        "node": ">= 14"
      }
    },
    "node_modules/@octokit/openapi-types": {
      "version": "16.0.0",
      "resolved": "https://registry.npmjs.org/@octokit/openapi-types/-/openapi-types-16.0.0.tgz",
      "integrity": "sha512-JbFWOqTJVLHZSUUoF4FzAZKYtqdxWu9Z5m2QQnOyEa04fOFljvyh7D3GYKbfuaSWisqehImiVIMG4eyJeP5VEA=="
    },
    "node_modules/@octokit/plugin-rest-endpoint-methods": {
      "version": "7.0.1",
      "resolved": "https://registry.npmjs.org/@octokit/plugin-rest-endpoint-methods/-/plugin-rest-endpoint-methods-7.0.1.tgz",
      "integrity": "sha512-pnCaLwZBudK5xCdrR823xHGNgqOzRnJ/mpC/76YPpNP7DybdsJtP7mdOwh+wYZxK5jqeQuhu59ogMI4NRlBUvA==",
      "dependencies": {
        "@octokit/types": "^9.0.0",
        "deprecation": "^2.3.1"
      },
      "engines": {
        "node": ">= 14"
      },
      "peerDependencies": {
        "@octokit/core": ">=3"
      }
    },
    "node_modules/@octokit/request": {
      "version": "6.2.2",
      "resolved": "https://registry.npmjs.org/@octokit/request/-/request-6.2.2.tgz",
      "integrity": "sha512-6VDqgj0HMc2FUX2awIs+sM6OwLgwHvAi4KCK3mT2H2IKRt6oH9d0fej5LluF5mck1lRR/rFWN0YIDSYXYSylbw==",
      "dependencies": {
        "@octokit/endpoint": "^7.0.0",
        "@octokit/request-error": "^3.0.0",
        "@octokit/types": "^8.0.0",
        "is-plain-object": "^5.0.0",
        "node-fetch": "^2.6.7",
        "universal-user-agent": "^6.0.0"
      },
      "engines": {
        "node": ">= 14"
      }
    },
    "node_modules/@octokit/request-error": {
      "version": "3.0.3",
      "resolved": "https://registry.npmjs.org/@octokit/request-error/-/request-error-3.0.3.tgz",
      "integrity": "sha512-crqw3V5Iy2uOU5Np+8M/YexTlT8zxCfI+qu+LxUB7SZpje4Qmx3mub5DfEKSO8Ylyk0aogi6TYdf6kxzh2BguQ==",
      "dependencies": {
        "@octokit/types": "^9.0.0",
        "deprecation": "^2.0.0",
        "once": "^1.4.0"
      },
      "engines": {
        "node": ">= 14"
      }
    },
    "node_modules/@octokit/request/node_modules/@octokit/openapi-types": {
      "version": "14.0.0",
      "resolved": "https://registry.npmjs.org/@octokit/openapi-types/-/openapi-types-14.0.0.tgz",
      "integrity": "sha512-HNWisMYlR8VCnNurDU6os2ikx0s0VyEjDYHNS/h4cgb8DeOxQ0n72HyinUtdDVxJhFy3FWLGl0DJhfEWk3P5Iw=="
    },
    "node_modules/@octokit/request/node_modules/@octokit/types": {
      "version": "8.2.1",
      "resolved": "https://registry.npmjs.org/@octokit/types/-/types-8.2.1.tgz",
      "integrity": "sha512-8oWMUji8be66q2B9PmEIUyQm00VPDPun07umUWSaCwxmeaquFBro4Hcc3ruVoDo3zkQyZBlRvhIMEYS3pBhanw==",
      "dependencies": {
        "@octokit/openapi-types": "^14.0.0"
      }
    },
    "node_modules/@octokit/types": {
      "version": "9.0.0",
      "resolved": "https://registry.npmjs.org/@octokit/types/-/types-9.0.0.tgz",
      "integrity": "sha512-LUewfj94xCMH2rbD5YJ+6AQ4AVjFYTgpp6rboWM5T7N3IsIF65SBEOVcYMGAEzO/kKNiNaW4LoWtoThOhH06gw==",
      "dependencies": {
        "@octokit/openapi-types": "^16.0.0"
      }
    },
    "node_modules/@types/sanitize-html": {
      "version": "2.8.0",
      "resolved": "https://registry.npmjs.org/@types/sanitize-html/-/sanitize-html-2.8.0.tgz",
      "integrity": "sha512-Uih6caOm3DsBYnVGOYn0A9NoTNe1c4aPStmHC/YA2JrpP9kx//jzaRcIklFvSpvVQEcpl/ZCr4DgISSf/YxTvg==",
      "dev": true,
      "dependencies": {
        "htmlparser2": "^8.0.0"
      }
    },
    "node_modules/argparse": {
      "version": "2.0.1",
      "resolved": "https://registry.npmjs.org/argparse/-/argparse-2.0.1.tgz",
      "integrity": "sha512-8+9WqebbFzpX9OR+Wa6O29asIogeRMzcGtAINdpMHHyAg10f05aSFVBbcEqGf/PXw1EjAZ+q2/bEBg3DvurK3Q=="
    },
    "node_modules/asynckit": {
      "version": "0.4.0",
      "resolved": "https://registry.npmjs.org/asynckit/-/asynckit-0.4.0.tgz",
      "integrity": "sha512-Oei9OH4tRh0YqU3GxhX79dM/mwVgvbZJaSNaRk+bshkj0S5cfHcgYakreBjrHwatXKbz+IoIdYLxrKim2MjW0Q=="
    },
    "node_modules/axios": {
      "version": "1.2.3",
      "resolved": "https://registry.npmjs.org/axios/-/axios-1.2.3.tgz",
      "integrity": "sha512-pdDkMYJeuXLZ6Xj/Q5J3Phpe+jbGdsSzlQaFVkMQzRUL05+6+tetX8TV3p4HrU4kzuO9bt+io/yGQxuyxA/xcw==",
      "dependencies": {
        "follow-redirects": "^1.15.0",
        "form-data": "^4.0.0",
        "proxy-from-env": "^1.1.0"
      }
    },
    "node_modules/before-after-hook": {
      "version": "2.2.3",
      "resolved": "https://registry.npmjs.org/before-after-hook/-/before-after-hook-2.2.3.tgz",
      "integrity": "sha512-NzUnlZexiaH/46WDhANlyR2bXRopNg4F/zuSA3OpZnllCUgRaOF2znDioDWrmbNVsuZk6l9pMquQB38cfBZwkQ=="
    },
    "node_modules/combined-stream": {
      "version": "1.0.8",
      "resolved": "https://registry.npmjs.org/combined-stream/-/combined-stream-1.0.8.tgz",
      "integrity": "sha512-FQN4MRfuJeHf7cBbBMJFXhKSDq+2kAArBlmRBvcvFE5BB1HZKXtSFASDhdlz9zOYwxh8lDdnvmMOe/+5cdoEdg==",
      "dependencies": {
        "delayed-stream": "~1.0.0"
      },
      "engines": {
        "node": ">= 0.8"
      }
    },
    "node_modules/dayjs": {
      "version": "1.11.7",
      "resolved": "https://registry.npmjs.org/dayjs/-/dayjs-1.11.7.tgz",
      "integrity": "sha512-+Yw9U6YO5TQohxLcIkrXBeY73WP3ejHWVvx8XCk3gxvQDCTEmS48ZrSZCKciI7Bhl/uCMyxYtE9UqRILmFphkQ=="
    },
    "node_modules/deepmerge": {
      "version": "4.2.2",
      "resolved": "https://registry.npmjs.org/deepmerge/-/deepmerge-4.2.2.tgz",
      "integrity": "sha512-FJ3UgI4gIl+PHZm53knsuSFpE+nESMr7M4v9QcgB7S63Kj/6WqMiFQJpBBYz1Pt+66bZpP3Q7Lye0Oo9MPKEdg==",
      "engines": {
        "node": ">=0.10.0"
      }
    },
    "node_modules/delayed-stream": {
      "version": "1.0.0",
      "resolved": "https://registry.npmjs.org/delayed-stream/-/delayed-stream-1.0.0.tgz",
      "integrity": "sha512-ZySD7Nf91aLB0RxL4KGrKHBXl7Eds1DAmEdcoVawXnLD7SDhpNgtuII2aAkg7a7QS41jxPSZ17p4VdGnMHk3MQ==",
      "engines": {
        "node": ">=0.4.0"
      }
    },
    "node_modules/deprecation": {
      "version": "2.3.1",
      "resolved": "https://registry.npmjs.org/deprecation/-/deprecation-2.3.1.tgz",
      "integrity": "sha512-xmHIy4F3scKVwMsQ4WnVaS8bHOx0DmVwRywosKhaILI0ywMDWPtBSku2HNxRvF7jtwDRsoEwYQSfbxj8b7RlJQ=="
    },
    "node_modules/dom-serializer": {
      "version": "2.0.0",
      "resolved": "https://registry.npmjs.org/dom-serializer/-/dom-serializer-2.0.0.tgz",
      "integrity": "sha512-wIkAryiqt/nV5EQKqQpo3SToSOV9J0DnbJqwK7Wv/Trc92zIAYZ4FlMu+JPFW1DfGFt81ZTCGgDEabffXeLyJg==",
      "dependencies": {
        "domelementtype": "^2.3.0",
        "domhandler": "^5.0.2",
        "entities": "^4.2.0"
      },
      "funding": {
        "url": "https://github.com/cheeriojs/dom-serializer?sponsor=1"
      }
    },
    "node_modules/dom-serializer/node_modules/entities": {
      "version": "4.4.0",
      "resolved": "https://registry.npmjs.org/entities/-/entities-4.4.0.tgz",
      "integrity": "sha512-oYp7156SP8LkeGD0GF85ad1X9Ai79WtRsZ2gxJqtBuzH+98YUV6jkHEKlZkMbcrjJjIVJNIDP/3WL9wQkoPbWA==",
      "engines": {
        "node": ">=0.12"
      },
      "funding": {
        "url": "https://github.com/fb55/entities?sponsor=1"
      }
    },
    "node_modules/domelementtype": {
      "version": "2.3.0",
      "resolved": "https://registry.npmjs.org/domelementtype/-/domelementtype-2.3.0.tgz",
      "integrity": "sha512-OLETBj6w0OsagBwdXnPdN0cnMfF9opN69co+7ZrbfPGrdpPVNBUj02spi6B1N7wChLQiPn4CSH/zJvXw56gmHw==",
      "funding": [
        {
          "type": "github",
          "url": "https://github.com/sponsors/fb55"
        }
      ]
    },
    "node_modules/domhandler": {
      "version": "5.0.3",
      "resolved": "https://registry.npmjs.org/domhandler/-/domhandler-5.0.3.tgz",
      "integrity": "sha512-cgwlv/1iFQiFnU96XXgROh8xTeetsnJiDsTc7TYCLFd9+/WNkIqPTxiM/8pSd8VIrhXGTf1Ny1q1hquVqDJB5w==",
      "dependencies": {
        "domelementtype": "^2.3.0"
      },
      "engines": {
        "node": ">= 4"
      },
      "funding": {
        "url": "https://github.com/fb55/domhandler?sponsor=1"
      }
    },
    "node_modules/domutils": {
      "version": "3.0.1",
      "resolved": "https://registry.npmjs.org/domutils/-/domutils-3.0.1.tgz",
      "integrity": "sha512-z08c1l761iKhDFtfXO04C7kTdPBLi41zwOZl00WS8b5eiaebNpY00HKbztwBq+e3vyqWNwWF3mP9YLUeqIrF+Q==",
      "dependencies": {
        "dom-serializer": "^2.0.0",
        "domelementtype": "^2.3.0",
        "domhandler": "^5.0.1"
      },
      "funding": {
        "url": "https://github.com/fb55/domutils?sponsor=1"
      }
    },
    "node_modules/dotenv": {
      "version": "16.0.3",
      "resolved": "https://registry.npmjs.org/dotenv/-/dotenv-16.0.3.tgz",
      "integrity": "sha512-7GO6HghkA5fYG9TYnNxi14/7K9f5occMlp3zXAuSxn7CKCxt9xbNWG7yF8hTCSUchlfWSe3uLmlPfigevRItzQ==",
      "engines": {
        "node": ">=12"
      }
    },
    "node_modules/entities": {
      "version": "3.0.1",
      "resolved": "https://registry.npmjs.org/entities/-/entities-3.0.1.tgz",
      "integrity": "sha512-WiyBqoomrwMdFG1e0kqvASYfnlb0lp8M5o5Fw2OFq1hNZxxcNk8Ik0Xm7LxzBhuidnZB/UtBqVCgUz3kBOP51Q==",
      "engines": {
        "node": ">=0.12"
      },
      "funding": {
        "url": "https://github.com/fb55/entities?sponsor=1"
      }
    },
    "node_modules/escape-string-regexp": {
      "version": "4.0.0",
      "resolved": "https://registry.npmjs.org/escape-string-regexp/-/escape-string-regexp-4.0.0.tgz",
      "integrity": "sha512-TtpcNJ3XAzx3Gq8sWRzJaVajRs0uVxA2YAkdb1jm2YkPz4G6egUFAyA3n5vtEIZefPk5Wa4UXbKuS5fKkJWdgA==",
      "engines": {
        "node": ">=10"
      },
      "funding": {
        "url": "https://github.com/sponsors/sindresorhus"
      }
    },
    "node_modules/follow-redirects": {
      "version": "1.15.2",
      "resolved": "https://registry.npmjs.org/follow-redirects/-/follow-redirects-1.15.2.tgz",
      "integrity": "sha512-VQLG33o04KaQ8uYi2tVNbdrWp1QWxNNea+nmIB4EVM28v0hmP17z7aG1+wAkNzVq4KeXTq3221ye5qTJP91JwA==",
      "funding": [
        {
          "type": "individual",
          "url": "https://github.com/sponsors/RubenVerborgh"
        }
      ],
      "engines": {
        "node": ">=4.0"
      },
      "peerDependenciesMeta": {
        "debug": {
          "optional": true
        }
      }
    },
    "node_modules/form-data": {
      "version": "4.0.0",
      "resolved": "https://registry.npmjs.org/form-data/-/form-data-4.0.0.tgz",
      "integrity": "sha512-ETEklSGi5t0QMZuiXoA/Q6vcnxcLQP5vdugSpuAyi6SVGi2clPPp+xgEhuMaHC+zGgn31Kd235W35f7Hykkaww==",
      "dependencies": {
        "asynckit": "^0.4.0",
        "combined-stream": "^1.0.8",
        "mime-types": "^2.1.12"
      },
      "engines": {
        "node": ">= 6"
      }
    },
    "node_modules/htmlparser2": {
      "version": "8.0.1",
      "resolved": "https://registry.npmjs.org/htmlparser2/-/htmlparser2-8.0.1.tgz",
      "integrity": "sha512-4lVbmc1diZC7GUJQtRQ5yBAeUCL1exyMwmForWkRLnwyzWBFxN633SALPMGYaWZvKe9j1pRZJpauvmxENSp/EA==",
      "funding": [
        "https://github.com/fb55/htmlparser2?sponsor=1",
        {
          "type": "github",
          "url": "https://github.com/sponsors/fb55"
        }
      ],
      "dependencies": {
        "domelementtype": "^2.3.0",
        "domhandler": "^5.0.2",
        "domutils": "^3.0.1",
        "entities": "^4.3.0"
      }
    },
    "node_modules/htmlparser2/node_modules/entities": {
      "version": "4.4.0",
      "resolved": "https://registry.npmjs.org/entities/-/entities-4.4.0.tgz",
      "integrity": "sha512-oYp7156SP8LkeGD0GF85ad1X9Ai79WtRsZ2gxJqtBuzH+98YUV6jkHEKlZkMbcrjJjIVJNIDP/3WL9wQkoPbWA==",
      "engines": {
        "node": ">=0.12"
      },
      "funding": {
        "url": "https://github.com/fb55/entities?sponsor=1"
      }
    },
    "node_modules/is-plain-object": {
      "version": "5.0.0",
      "resolved": "https://registry.npmjs.org/is-plain-object/-/is-plain-object-5.0.0.tgz",
      "integrity": "sha512-VRSzKkbMm5jMDoKLbltAkFQ5Qr7VDiTFGXxYFXXowVj387GeGNOCsOH6Msy00SGZ3Fp84b1Naa1psqgcCIEP5Q==",
      "engines": {
        "node": ">=0.10.0"
      }
    },
    "node_modules/linkify-it": {
      "version": "4.0.1",
      "resolved": "https://registry.npmjs.org/linkify-it/-/linkify-it-4.0.1.tgz",
      "integrity": "sha512-C7bfi1UZmoj8+PQx22XyeXCuBlokoyWQL5pWSP+EI6nzRylyThouddufc2c1NDIcP9k5agmN9fLpA7VNJfIiqw==",
      "dependencies": {
        "uc.micro": "^1.0.1"
      }
    },
    "node_modules/markdown-it": {
      "version": "13.0.1",
      "resolved": "https://registry.npmjs.org/markdown-it/-/markdown-it-13.0.1.tgz",
      "integrity": "sha512-lTlxriVoy2criHP0JKRhO2VDG9c2ypWCsT237eDiLqi09rmbKoUetyGHq2uOIRoRS//kfoJckS0eUzzkDR+k2Q==",
      "dependencies": {
        "argparse": "^2.0.1",
        "entities": "~3.0.1",
        "linkify-it": "^4.0.1",
        "mdurl": "^1.0.1",
        "uc.micro": "^1.0.5"
      },
      "bin": {
        "markdown-it": "bin/markdown-it.js"
      }
    },
    "node_modules/mdurl": {
      "version": "1.0.1",
      "resolved": "https://registry.npmjs.org/mdurl/-/mdurl-1.0.1.tgz",
      "integrity": "sha512-/sKlQJCBYVY9Ers9hqzKou4H6V5UWc/M59TH2dvkt+84itfnq7uFOMLpOiOS4ujvHP4etln18fmIxA5R5fll0g=="
    },
    "node_modules/mime-db": {
      "version": "1.52.0",
      "resolved": "https://registry.npmjs.org/mime-db/-/mime-db-1.52.0.tgz",
      "integrity": "sha512-sPU4uV7dYlvtWJxwwxHD0PuihVNiE7TyAbQ5SWxDCB9mUYvOgroQOwYQQOKPJ8CIbE+1ETVlOoK1UC2nU3gYvg==",
      "engines": {
        "node": ">= 0.6"
      }
    },
    "node_modules/mime-types": {
      "version": "2.1.35",
      "resolved": "https://registry.npmjs.org/mime-types/-/mime-types-2.1.35.tgz",
      "integrity": "sha512-ZDY+bPm5zTTF+YpCrAU9nK0UgICYPT0QtT1NZWFv4s++TNkcgVaT0g6+4R2uI4MjQjzysHB1zxuWL50hzaeXiw==",
      "dependencies": {
        "mime-db": "1.52.0"
      },
      "engines": {
        "node": ">= 0.6"
      }
    },
    "node_modules/nanoid": {
      "version": "3.3.4",
      "resolved": "https://registry.npmjs.org/nanoid/-/nanoid-3.3.4.tgz",
      "integrity": "sha512-MqBkQh/OHTS2egovRtLk45wEyNXwF+cokD+1YPf9u5VfJiRdAiRwB2froX5Co9Rh20xs4siNPm8naNotSD6RBw==",
      "bin": {
        "nanoid": "bin/nanoid.cjs"
      },
      "engines": {
        "node": "^10 || ^12 || ^13.7 || ^14 || >=15.0.1"
      }
    },
    "node_modules/node-fetch": {
      "version": "2.6.8",
      "resolved": "https://registry.npmjs.org/node-fetch/-/node-fetch-2.6.8.tgz",
      "integrity": "sha512-RZ6dBYuj8dRSfxpUSu+NsdF1dpPpluJxwOp+6IoDp/sH2QNDSvurYsAa+F1WxY2RjA1iP93xhcsUoYbF2XBqVg==",
      "dependencies": {
        "whatwg-url": "^5.0.0"
      },
      "engines": {
        "node": "4.x || >=6.0.0"
      },
      "peerDependencies": {
        "encoding": "^0.1.0"
      },
      "peerDependenciesMeta": {
        "encoding": {
          "optional": true
        }
      }
    },
    "node_modules/once": {
      "version": "1.4.0",
      "resolved": "https://registry.npmjs.org/once/-/once-1.4.0.tgz",
      "integrity": "sha512-lNaJgI+2Q5URQBkccEKHTQOPaXdUxnZZElQTZY0MFUAuaEqe1E+Nyvgdz/aIyNi6Z9MzO5dv1H8n58/GELp3+w==",
      "dependencies": {
        "wrappy": "1"
      }
    },
    "node_modules/parse-srcset": {
      "version": "1.0.2",
      "resolved": "https://registry.npmjs.org/parse-srcset/-/parse-srcset-1.0.2.tgz",
      "integrity": "sha512-/2qh0lav6CmI15FzA3i/2Bzk2zCgQhGMkvhOhKNcBVQ1ldgpbfiNTVslmooUmWJcADi1f1kIeynbDRVzNlfR6Q=="
    },
    "node_modules/picocolors": {
      "version": "1.0.0",
      "resolved": "https://registry.npmjs.org/picocolors/-/picocolors-1.0.0.tgz",
      "integrity": "sha512-1fygroTLlHu66zi26VoTDv8yRgm0Fccecssto+MhsZ0D/DGW2sm8E8AjW7NU5VVTRt5GxbeZ5qBuJr+HyLYkjQ=="
    },
    "node_modules/postcss": {
      "version": "8.4.21",
      "resolved": "https://registry.npmjs.org/postcss/-/postcss-8.4.21.tgz",
      "integrity": "sha512-tP7u/Sn/dVxK2NnruI4H9BG+x+Wxz6oeZ1cJ8P6G/PZY0IKk4k/63TDsQf2kQq3+qoJeLm2kIBUNlZe3zgb4Zg==",
      "funding": [
        {
          "type": "opencollective",
          "url": "https://opencollective.com/postcss/"
        },
        {
          "type": "tidelift",
          "url": "https://tidelift.com/funding/github/npm/postcss"
        }
      ],
      "dependencies": {
        "nanoid": "^3.3.4",
        "picocolors": "^1.0.0",
        "source-map-js": "^1.0.2"
      },
      "engines": {
        "node": "^10 || ^12 || >=14"
      }
    },
    "node_modules/proxy-from-env": {
      "version": "1.1.0",
      "resolved": "https://registry.npmjs.org/proxy-from-env/-/proxy-from-env-1.1.0.tgz",
      "integrity": "sha512-D+zkORCbA9f1tdWRK0RaCR3GPv50cMxcrz4X8k5LTSUD1Dkw47mKJEZQNunItRTkWwgtaUSo1RVFRIG9ZXiFYg=="
    },
    "node_modules/sanitize-html": {
      "version": "2.8.1",
      "resolved": "https://registry.npmjs.org/sanitize-html/-/sanitize-html-2.8.1.tgz",
      "integrity": "sha512-qK5neD0SaMxGwVv5txOYv05huC3o6ZAA4h5+7nJJgWMNFUNRjcjLO6FpwAtKzfKCZ0jrG6xTk6eVFskbvOGblg==",
      "dependencies": {
        "deepmerge": "^4.2.2",
        "escape-string-regexp": "^4.0.0",
        "htmlparser2": "^8.0.0",
        "is-plain-object": "^5.0.0",
        "parse-srcset": "^1.0.2",
        "postcss": "^8.3.11"
      }
    },
    "node_modules/source-map-js": {
      "version": "1.0.2",
      "resolved": "https://registry.npmjs.org/source-map-js/-/source-map-js-1.0.2.tgz",
      "integrity": "sha512-R0XvVJ9WusLiqTCEiGCmICCMplcCkIwwR11mOSD9CR5u+IXYdiseeEuXCVAjS54zqwkLcPNnmU4OeJ6tUrWhDw==",
      "engines": {
        "node": ">=0.10.0"
      }
    },
    "node_modules/tr46": {
      "version": "0.0.3",
      "resolved": "https://registry.npmjs.org/tr46/-/tr46-0.0.3.tgz",
      "integrity": "sha512-N3WMsuqV66lT30CrXNbEjx4GEwlow3v6rr4mCcv6prnfwhS01rkgyFdjPNBYd9br7LpXV1+Emh01fHnq2Gdgrw=="
    },
    "node_modules/uc.micro": {
      "version": "1.0.6",
      "resolved": "https://registry.npmjs.org/uc.micro/-/uc.micro-1.0.6.tgz",
      "integrity": "sha512-8Y75pvTYkLJW2hWQHXxoqRgV7qb9B+9vFEtidML+7koHUFapnVJAZ6cKs+Qjz5Aw3aZWHMC6u0wJE3At+nSGwA=="
    },
    "node_modules/universal-user-agent": {
      "version": "6.0.0",
      "resolved": "https://registry.npmjs.org/universal-user-agent/-/universal-user-agent-6.0.0.tgz",
      "integrity": "sha512-isyNax3wXoKaulPDZWHQqbmIx1k2tb9fb3GGDBRxCscfYV2Ch7WxPArBsFEG8s/safwXTT7H4QGhaIkTp9447w=="
    },
    "node_modules/uuid": {
      "version": "9.0.0",
      "resolved": "https://registry.npmjs.org/uuid/-/uuid-9.0.0.tgz",
      "integrity": "sha512-MXcSTerfPa4uqyzStbRoTgt5XIe3x5+42+q1sDuy3R5MDk66URdLMOZe5aPX/SQd+kuYAh0FdP/pO28IkQyTeg==",
      "bin": {
        "uuid": "dist/bin/uuid"
      }
    },
    "node_modules/webidl-conversions": {
      "version": "3.0.1",
      "resolved": "https://registry.npmjs.org/webidl-conversions/-/webidl-conversions-3.0.1.tgz",
      "integrity": "sha512-2JAn3z8AR6rjK8Sm8orRC0h/bcl/DqL7tRPdGZ4I1CjdF+EaMLmYxBHyXuKL849eucPFhvBoxMsflfOb8kxaeQ=="
    },
    "node_modules/whatwg-url": {
      "version": "5.0.0",
      "resolved": "https://registry.npmjs.org/whatwg-url/-/whatwg-url-5.0.0.tgz",
      "integrity": "sha512-saE57nupxk6v3HY35+jzBwYa0rKSy0XR8JSxZPwgLr7ys0IBzhGviA1/TUGJLmSVqs8pb9AnvICXEuOHLprYTw==",
      "dependencies": {
        "tr46": "~0.0.3",
        "webidl-conversions": "^3.0.0"
      }
    },
    "node_modules/wrappy": {
      "version": "1.0.2",
      "resolved": "https://registry.npmjs.org/wrappy/-/wrappy-1.0.2.tgz",
      "integrity": "sha512-l4Sp/DRseor9wL6EvV2+TuQn63dMkPjZ/sp9XkghTEbV9KlPS1xUsZ3u7/IQO4wxtcFB4bgpQPRcR3QCvezPcQ=="
    }
  },
  "dependencies": {
    "@octokit/auth-token": {
      "version": "3.0.2",
      "resolved": "https://registry.npmjs.org/@octokit/auth-token/-/auth-token-3.0.2.tgz",
      "integrity": "sha512-pq7CwIMV1kmzkFTimdwjAINCXKTajZErLB4wMLYapR2nuB/Jpr66+05wOTZMSCBXP6n4DdDWT2W19Bm17vU69Q==",
      "requires": {
        "@octokit/types": "^8.0.0"
      },
      "dependencies": {
        "@octokit/openapi-types": {
          "version": "14.0.0",
          "resolved": "https://registry.npmjs.org/@octokit/openapi-types/-/openapi-types-14.0.0.tgz",
          "integrity": "sha512-HNWisMYlR8VCnNurDU6os2ikx0s0VyEjDYHNS/h4cgb8DeOxQ0n72HyinUtdDVxJhFy3FWLGl0DJhfEWk3P5Iw=="
        },
        "@octokit/types": {
          "version": "8.2.1",
          "resolved": "https://registry.npmjs.org/@octokit/types/-/types-8.2.1.tgz",
          "integrity": "sha512-8oWMUji8be66q2B9PmEIUyQm00VPDPun07umUWSaCwxmeaquFBro4Hcc3ruVoDo3zkQyZBlRvhIMEYS3pBhanw==",
          "requires": {
            "@octokit/openapi-types": "^14.0.0"
          }
        }
      }
    },
    "@octokit/core": {
      "version": "4.2.0",
      "resolved": "https://registry.npmjs.org/@octokit/core/-/core-4.2.0.tgz",
      "integrity": "sha512-AgvDRUg3COpR82P7PBdGZF/NNqGmtMq2NiPqeSsDIeCfYFOZ9gddqWNQHnFdEUf+YwOj4aZYmJnlPp7OXmDIDg==",
      "requires": {
        "@octokit/auth-token": "^3.0.0",
        "@octokit/graphql": "^5.0.0",
        "@octokit/request": "^6.0.0",
        "@octokit/request-error": "^3.0.0",
        "@octokit/types": "^9.0.0",
        "before-after-hook": "^2.2.0",
        "universal-user-agent": "^6.0.0"
      }
    },
    "@octokit/endpoint": {
      "version": "7.0.4",
      "resolved": "https://registry.npmjs.org/@octokit/endpoint/-/endpoint-7.0.4.tgz",
      "integrity": "sha512-hXJP43VT2IrUxBCNIahta8qawpIzLvCjHLCuDDsdIPbd6+jPwsc3KGl/kdQ37mLd+sdiJm6c9qKI7k5CjE0Z9A==",
      "requires": {
        "@octokit/types": "^9.0.0",
        "is-plain-object": "^5.0.0",
        "universal-user-agent": "^6.0.0"
      }
    },
    "@octokit/graphql": {
      "version": "5.0.5",
      "resolved": "https://registry.npmjs.org/@octokit/graphql/-/graphql-5.0.5.tgz",
      "integrity": "sha512-Qwfvh3xdqKtIznjX9lz2D458r7dJPP8l6r4GQkIdWQouZwHQK0mVT88uwiU2bdTU2OtT1uOlKpRciUWldpG0yQ==",
      "requires": {
        "@octokit/request": "^6.0.0",
        "@octokit/types": "^9.0.0",
        "universal-user-agent": "^6.0.0"
      }
    },
    "@octokit/openapi-types": {
      "version": "16.0.0",
      "resolved": "https://registry.npmjs.org/@octokit/openapi-types/-/openapi-types-16.0.0.tgz",
      "integrity": "sha512-JbFWOqTJVLHZSUUoF4FzAZKYtqdxWu9Z5m2QQnOyEa04fOFljvyh7D3GYKbfuaSWisqehImiVIMG4eyJeP5VEA=="
    },
    "@octokit/plugin-rest-endpoint-methods": {
      "version": "7.0.1",
      "resolved": "https://registry.npmjs.org/@octokit/plugin-rest-endpoint-methods/-/plugin-rest-endpoint-methods-7.0.1.tgz",
      "integrity": "sha512-pnCaLwZBudK5xCdrR823xHGNgqOzRnJ/mpC/76YPpNP7DybdsJtP7mdOwh+wYZxK5jqeQuhu59ogMI4NRlBUvA==",
      "requires": {
        "@octokit/types": "^9.0.0",
        "deprecation": "^2.3.1"
      }
    },
    "@octokit/request": {
      "version": "6.2.2",
      "resolved": "https://registry.npmjs.org/@octokit/request/-/request-6.2.2.tgz",
      "integrity": "sha512-6VDqgj0HMc2FUX2awIs+sM6OwLgwHvAi4KCK3mT2H2IKRt6oH9d0fej5LluF5mck1lRR/rFWN0YIDSYXYSylbw==",
      "requires": {
        "@octokit/endpoint": "^7.0.0",
        "@octokit/request-error": "^3.0.0",
        "@octokit/types": "^8.0.0",
        "is-plain-object": "^5.0.0",
        "node-fetch": "^2.6.7",
        "universal-user-agent": "^6.0.0"
      },
      "dependencies": {
        "@octokit/openapi-types": {
          "version": "14.0.0",
          "resolved": "https://registry.npmjs.org/@octokit/openapi-types/-/openapi-types-14.0.0.tgz",
          "integrity": "sha512-HNWisMYlR8VCnNurDU6os2ikx0s0VyEjDYHNS/h4cgb8DeOxQ0n72HyinUtdDVxJhFy3FWLGl0DJhfEWk3P5Iw=="
        },
        "@octokit/types": {
          "version": "8.2.1",
          "resolved": "https://registry.npmjs.org/@octokit/types/-/types-8.2.1.tgz",
          "integrity": "sha512-8oWMUji8be66q2B9PmEIUyQm00VPDPun07umUWSaCwxmeaquFBro4Hcc3ruVoDo3zkQyZBlRvhIMEYS3pBhanw==",
          "requires": {
            "@octokit/openapi-types": "^14.0.0"
          }
        }
      }
    },
    "@octokit/request-error": {
      "version": "3.0.3",
      "resolved": "https://registry.npmjs.org/@octokit/request-error/-/request-error-3.0.3.tgz",
      "integrity": "sha512-crqw3V5Iy2uOU5Np+8M/YexTlT8zxCfI+qu+LxUB7SZpje4Qmx3mub5DfEKSO8Ylyk0aogi6TYdf6kxzh2BguQ==",
      "requires": {
        "@octokit/types": "^9.0.0",
        "deprecation": "^2.0.0",
        "once": "^1.4.0"
      }
    },
    "@octokit/types": {
      "version": "9.0.0",
      "resolved": "https://registry.npmjs.org/@octokit/types/-/types-9.0.0.tgz",
      "integrity": "sha512-LUewfj94xCMH2rbD5YJ+6AQ4AVjFYTgpp6rboWM5T7N3IsIF65SBEOVcYMGAEzO/kKNiNaW4LoWtoThOhH06gw==",
      "requires": {
        "@octokit/openapi-types": "^16.0.0"
      }
    },
    "@types/sanitize-html": {
      "version": "2.8.0",
      "resolved": "https://registry.npmjs.org/@types/sanitize-html/-/sanitize-html-2.8.0.tgz",
      "integrity": "sha512-Uih6caOm3DsBYnVGOYn0A9NoTNe1c4aPStmHC/YA2JrpP9kx//jzaRcIklFvSpvVQEcpl/ZCr4DgISSf/YxTvg==",
      "dev": true,
      "requires": {
        "htmlparser2": "^8.0.0"
      }
    },
    "argparse": {
      "version": "2.0.1",
      "resolved": "https://registry.npmjs.org/argparse/-/argparse-2.0.1.tgz",
      "integrity": "sha512-8+9WqebbFzpX9OR+Wa6O29asIogeRMzcGtAINdpMHHyAg10f05aSFVBbcEqGf/PXw1EjAZ+q2/bEBg3DvurK3Q=="
    },
    "asynckit": {
      "version": "0.4.0",
      "resolved": "https://registry.npmjs.org/asynckit/-/asynckit-0.4.0.tgz",
      "integrity": "sha512-Oei9OH4tRh0YqU3GxhX79dM/mwVgvbZJaSNaRk+bshkj0S5cfHcgYakreBjrHwatXKbz+IoIdYLxrKim2MjW0Q=="
    },
    "axios": {
      "version": "1.2.3",
      "resolved": "https://registry.npmjs.org/axios/-/axios-1.2.3.tgz",
      "integrity": "sha512-pdDkMYJeuXLZ6Xj/Q5J3Phpe+jbGdsSzlQaFVkMQzRUL05+6+tetX8TV3p4HrU4kzuO9bt+io/yGQxuyxA/xcw==",
      "requires": {
        "follow-redirects": "^1.15.0",
        "form-data": "^4.0.0",
        "proxy-from-env": "^1.1.0"
      }
    },
    "before-after-hook": {
      "version": "2.2.3",
      "resolved": "https://registry.npmjs.org/before-after-hook/-/before-after-hook-2.2.3.tgz",
      "integrity": "sha512-NzUnlZexiaH/46WDhANlyR2bXRopNg4F/zuSA3OpZnllCUgRaOF2znDioDWrmbNVsuZk6l9pMquQB38cfBZwkQ=="
    },
    "combined-stream": {
      "version": "1.0.8",
      "resolved": "https://registry.npmjs.org/combined-stream/-/combined-stream-1.0.8.tgz",
      "integrity": "sha512-FQN4MRfuJeHf7cBbBMJFXhKSDq+2kAArBlmRBvcvFE5BB1HZKXtSFASDhdlz9zOYwxh8lDdnvmMOe/+5cdoEdg==",
      "requires": {
        "delayed-stream": "~1.0.0"
      }
    },
    "dayjs": {
      "version": "1.11.7",
      "resolved": "https://registry.npmjs.org/dayjs/-/dayjs-1.11.7.tgz",
      "integrity": "sha512-+Yw9U6YO5TQohxLcIkrXBeY73WP3ejHWVvx8XCk3gxvQDCTEmS48ZrSZCKciI7Bhl/uCMyxYtE9UqRILmFphkQ=="
    },
    "deepmerge": {
      "version": "4.2.2",
      "resolved": "https://registry.npmjs.org/deepmerge/-/deepmerge-4.2.2.tgz",
      "integrity": "sha512-FJ3UgI4gIl+PHZm53knsuSFpE+nESMr7M4v9QcgB7S63Kj/6WqMiFQJpBBYz1Pt+66bZpP3Q7Lye0Oo9MPKEdg=="
    },
    "delayed-stream": {
      "version": "1.0.0",
      "resolved": "https://registry.npmjs.org/delayed-stream/-/delayed-stream-1.0.0.tgz",
      "integrity": "sha512-ZySD7Nf91aLB0RxL4KGrKHBXl7Eds1DAmEdcoVawXnLD7SDhpNgtuII2aAkg7a7QS41jxPSZ17p4VdGnMHk3MQ=="
    },
    "deprecation": {
      "version": "2.3.1",
      "resolved": "https://registry.npmjs.org/deprecation/-/deprecation-2.3.1.tgz",
      "integrity": "sha512-xmHIy4F3scKVwMsQ4WnVaS8bHOx0DmVwRywosKhaILI0ywMDWPtBSku2HNxRvF7jtwDRsoEwYQSfbxj8b7RlJQ=="
    },
    "dom-serializer": {
      "version": "2.0.0",
      "resolved": "https://registry.npmjs.org/dom-serializer/-/dom-serializer-2.0.0.tgz",
      "integrity": "sha512-wIkAryiqt/nV5EQKqQpo3SToSOV9J0DnbJqwK7Wv/Trc92zIAYZ4FlMu+JPFW1DfGFt81ZTCGgDEabffXeLyJg==",
      "requires": {
        "domelementtype": "^2.3.0",
        "domhandler": "^5.0.2",
        "entities": "^4.2.0"
      },
      "dependencies": {
        "entities": {
          "version": "4.4.0",
          "resolved": "https://registry.npmjs.org/entities/-/entities-4.4.0.tgz",
          "integrity": "sha512-oYp7156SP8LkeGD0GF85ad1X9Ai79WtRsZ2gxJqtBuzH+98YUV6jkHEKlZkMbcrjJjIVJNIDP/3WL9wQkoPbWA=="
        }
      }
    },
    "domelementtype": {
      "version": "2.3.0",
      "resolved": "https://registry.npmjs.org/domelementtype/-/domelementtype-2.3.0.tgz",
      "integrity": "sha512-OLETBj6w0OsagBwdXnPdN0cnMfF9opN69co+7ZrbfPGrdpPVNBUj02spi6B1N7wChLQiPn4CSH/zJvXw56gmHw=="
    },
    "domhandler": {
      "version": "5.0.3",
      "resolved": "https://registry.npmjs.org/domhandler/-/domhandler-5.0.3.tgz",
      "integrity": "sha512-cgwlv/1iFQiFnU96XXgROh8xTeetsnJiDsTc7TYCLFd9+/WNkIqPTxiM/8pSd8VIrhXGTf1Ny1q1hquVqDJB5w==",
      "requires": {
        "domelementtype": "^2.3.0"
      }
    },
    "domutils": {
      "version": "3.0.1",
      "resolved": "https://registry.npmjs.org/domutils/-/domutils-3.0.1.tgz",
      "integrity": "sha512-z08c1l761iKhDFtfXO04C7kTdPBLi41zwOZl00WS8b5eiaebNpY00HKbztwBq+e3vyqWNwWF3mP9YLUeqIrF+Q==",
      "requires": {
        "dom-serializer": "^2.0.0",
        "domelementtype": "^2.3.0",
        "domhandler": "^5.0.1"
      }
    },
    "dotenv": {
      "version": "16.0.3",
      "resolved": "https://registry.npmjs.org/dotenv/-/dotenv-16.0.3.tgz",
      "integrity": "sha512-7GO6HghkA5fYG9TYnNxi14/7K9f5occMlp3zXAuSxn7CKCxt9xbNWG7yF8hTCSUchlfWSe3uLmlPfigevRItzQ=="
    },
    "entities": {
      "version": "3.0.1",
      "resolved": "https://registry.npmjs.org/entities/-/entities-3.0.1.tgz",
      "integrity": "sha512-WiyBqoomrwMdFG1e0kqvASYfnlb0lp8M5o5Fw2OFq1hNZxxcNk8Ik0Xm7LxzBhuidnZB/UtBqVCgUz3kBOP51Q=="
    },
    "escape-string-regexp": {
      "version": "4.0.0",
      "resolved": "https://registry.npmjs.org/escape-string-regexp/-/escape-string-regexp-4.0.0.tgz",
      "integrity": "sha512-TtpcNJ3XAzx3Gq8sWRzJaVajRs0uVxA2YAkdb1jm2YkPz4G6egUFAyA3n5vtEIZefPk5Wa4UXbKuS5fKkJWdgA=="
    },
    "follow-redirects": {
      "version": "1.15.2",
      "resolved": "https://registry.npmjs.org/follow-redirects/-/follow-redirects-1.15.2.tgz",
      "integrity": "sha512-VQLG33o04KaQ8uYi2tVNbdrWp1QWxNNea+nmIB4EVM28v0hmP17z7aG1+wAkNzVq4KeXTq3221ye5qTJP91JwA=="
    },
    "form-data": {
      "version": "4.0.0",
      "resolved": "https://registry.npmjs.org/form-data/-/form-data-4.0.0.tgz",
      "integrity": "sha512-ETEklSGi5t0QMZuiXoA/Q6vcnxcLQP5vdugSpuAyi6SVGi2clPPp+xgEhuMaHC+zGgn31Kd235W35f7Hykkaww==",
      "requires": {
        "asynckit": "^0.4.0",
        "combined-stream": "^1.0.8",
        "mime-types": "^2.1.12"
      }
    },
    "htmlparser2": {
      "version": "8.0.1",
      "resolved": "https://registry.npmjs.org/htmlparser2/-/htmlparser2-8.0.1.tgz",
      "integrity": "sha512-4lVbmc1diZC7GUJQtRQ5yBAeUCL1exyMwmForWkRLnwyzWBFxN633SALPMGYaWZvKe9j1pRZJpauvmxENSp/EA==",
      "requires": {
        "domelementtype": "^2.3.0",
        "domhandler": "^5.0.2",
        "domutils": "^3.0.1",
        "entities": "^4.3.0"
      },
      "dependencies": {
        "entities": {
          "version": "4.4.0",
          "resolved": "https://registry.npmjs.org/entities/-/entities-4.4.0.tgz",
          "integrity": "sha512-oYp7156SP8LkeGD0GF85ad1X9Ai79WtRsZ2gxJqtBuzH+98YUV6jkHEKlZkMbcrjJjIVJNIDP/3WL9wQkoPbWA=="
        }
      }
    },
    "is-plain-object": {
      "version": "5.0.0",
      "resolved": "https://registry.npmjs.org/is-plain-object/-/is-plain-object-5.0.0.tgz",
      "integrity": "sha512-VRSzKkbMm5jMDoKLbltAkFQ5Qr7VDiTFGXxYFXXowVj387GeGNOCsOH6Msy00SGZ3Fp84b1Naa1psqgcCIEP5Q=="
    },
    "linkify-it": {
      "version": "4.0.1",
      "resolved": "https://registry.npmjs.org/linkify-it/-/linkify-it-4.0.1.tgz",
      "integrity": "sha512-C7bfi1UZmoj8+PQx22XyeXCuBlokoyWQL5pWSP+EI6nzRylyThouddufc2c1NDIcP9k5agmN9fLpA7VNJfIiqw==",
      "requires": {
        "uc.micro": "^1.0.1"
      }
    },
    "markdown-it": {
      "version": "13.0.1",
      "resolved": "https://registry.npmjs.org/markdown-it/-/markdown-it-13.0.1.tgz",
      "integrity": "sha512-lTlxriVoy2criHP0JKRhO2VDG9c2ypWCsT237eDiLqi09rmbKoUetyGHq2uOIRoRS//kfoJckS0eUzzkDR+k2Q==",
      "requires": {
        "argparse": "^2.0.1",
        "entities": "~3.0.1",
        "linkify-it": "^4.0.1",
        "mdurl": "^1.0.1",
        "uc.micro": "^1.0.5"
      }
    },
    "mdurl": {
      "version": "1.0.1",
      "resolved": "https://registry.npmjs.org/mdurl/-/mdurl-1.0.1.tgz",
      "integrity": "sha512-/sKlQJCBYVY9Ers9hqzKou4H6V5UWc/M59TH2dvkt+84itfnq7uFOMLpOiOS4ujvHP4etln18fmIxA5R5fll0g=="
    },
    "mime-db": {
      "version": "1.52.0",
      "resolved": "https://registry.npmjs.org/mime-db/-/mime-db-1.52.0.tgz",
      "integrity": "sha512-sPU4uV7dYlvtWJxwwxHD0PuihVNiE7TyAbQ5SWxDCB9mUYvOgroQOwYQQOKPJ8CIbE+1ETVlOoK1UC2nU3gYvg=="
    },
    "mime-types": {
      "version": "2.1.35",
      "resolved": "https://registry.npmjs.org/mime-types/-/mime-types-2.1.35.tgz",
      "integrity": "sha512-ZDY+bPm5zTTF+YpCrAU9nK0UgICYPT0QtT1NZWFv4s++TNkcgVaT0g6+4R2uI4MjQjzysHB1zxuWL50hzaeXiw==",
      "requires": {
        "mime-db": "1.52.0"
      }
    },
    "nanoid": {
      "version": "3.3.4",
      "resolved": "https://registry.npmjs.org/nanoid/-/nanoid-3.3.4.tgz",
      "integrity": "sha512-MqBkQh/OHTS2egovRtLk45wEyNXwF+cokD+1YPf9u5VfJiRdAiRwB2froX5Co9Rh20xs4siNPm8naNotSD6RBw=="
    },
    "node-fetch": {
      "version": "2.6.8",
      "resolved": "https://registry.npmjs.org/node-fetch/-/node-fetch-2.6.8.tgz",
      "integrity": "sha512-RZ6dBYuj8dRSfxpUSu+NsdF1dpPpluJxwOp+6IoDp/sH2QNDSvurYsAa+F1WxY2RjA1iP93xhcsUoYbF2XBqVg==",
      "requires": {
        "whatwg-url": "^5.0.0"
      }
    },
    "once": {
      "version": "1.4.0",
      "resolved": "https://registry.npmjs.org/once/-/once-1.4.0.tgz",
      "integrity": "sha512-lNaJgI+2Q5URQBkccEKHTQOPaXdUxnZZElQTZY0MFUAuaEqe1E+Nyvgdz/aIyNi6Z9MzO5dv1H8n58/GELp3+w==",
      "requires": {
        "wrappy": "1"
      }
    },
    "parse-srcset": {
      "version": "1.0.2",
      "resolved": "https://registry.npmjs.org/parse-srcset/-/parse-srcset-1.0.2.tgz",
      "integrity": "sha512-/2qh0lav6CmI15FzA3i/2Bzk2zCgQhGMkvhOhKNcBVQ1ldgpbfiNTVslmooUmWJcADi1f1kIeynbDRVzNlfR6Q=="
    },
    "picocolors": {
      "version": "1.0.0",
      "resolved": "https://registry.npmjs.org/picocolors/-/picocolors-1.0.0.tgz",
      "integrity": "sha512-1fygroTLlHu66zi26VoTDv8yRgm0Fccecssto+MhsZ0D/DGW2sm8E8AjW7NU5VVTRt5GxbeZ5qBuJr+HyLYkjQ=="
    },
    "postcss": {
      "version": "8.4.21",
      "resolved": "https://registry.npmjs.org/postcss/-/postcss-8.4.21.tgz",
      "integrity": "sha512-tP7u/Sn/dVxK2NnruI4H9BG+x+Wxz6oeZ1cJ8P6G/PZY0IKk4k/63TDsQf2kQq3+qoJeLm2kIBUNlZe3zgb4Zg==",
      "requires": {
        "nanoid": "^3.3.4",
        "picocolors": "^1.0.0",
        "source-map-js": "^1.0.2"
      }
    },
    "proxy-from-env": {
      "version": "1.1.0",
      "resolved": "https://registry.npmjs.org/proxy-from-env/-/proxy-from-env-1.1.0.tgz",
      "integrity": "sha512-D+zkORCbA9f1tdWRK0RaCR3GPv50cMxcrz4X8k5LTSUD1Dkw47mKJEZQNunItRTkWwgtaUSo1RVFRIG9ZXiFYg=="
    },
    "sanitize-html": {
      "version": "2.8.1",
      "resolved": "https://registry.npmjs.org/sanitize-html/-/sanitize-html-2.8.1.tgz",
      "integrity": "sha512-qK5neD0SaMxGwVv5txOYv05huC3o6ZAA4h5+7nJJgWMNFUNRjcjLO6FpwAtKzfKCZ0jrG6xTk6eVFskbvOGblg==",
      "requires": {
        "deepmerge": "^4.2.2",
        "escape-string-regexp": "^4.0.0",
        "htmlparser2": "^8.0.0",
        "is-plain-object": "^5.0.0",
        "parse-srcset": "^1.0.2",
        "postcss": "^8.3.11"
      }
    },
    "source-map-js": {
      "version": "1.0.2",
      "resolved": "https://registry.npmjs.org/source-map-js/-/source-map-js-1.0.2.tgz",
      "integrity": "sha512-R0XvVJ9WusLiqTCEiGCmICCMplcCkIwwR11mOSD9CR5u+IXYdiseeEuXCVAjS54zqwkLcPNnmU4OeJ6tUrWhDw=="
    },
    "tr46": {
      "version": "0.0.3",
      "resolved": "https://registry.npmjs.org/tr46/-/tr46-0.0.3.tgz",
      "integrity": "sha512-N3WMsuqV66lT30CrXNbEjx4GEwlow3v6rr4mCcv6prnfwhS01rkgyFdjPNBYd9br7LpXV1+Emh01fHnq2Gdgrw=="
    },
    "uc.micro": {
      "version": "1.0.6",
      "resolved": "https://registry.npmjs.org/uc.micro/-/uc.micro-1.0.6.tgz",
      "integrity": "sha512-8Y75pvTYkLJW2hWQHXxoqRgV7qb9B+9vFEtidML+7koHUFapnVJAZ6cKs+Qjz5Aw3aZWHMC6u0wJE3At+nSGwA=="
    },
    "universal-user-agent": {
      "version": "6.0.0",
      "resolved": "https://registry.npmjs.org/universal-user-agent/-/universal-user-agent-6.0.0.tgz",
      "integrity": "sha512-isyNax3wXoKaulPDZWHQqbmIx1k2tb9fb3GGDBRxCscfYV2Ch7WxPArBsFEG8s/safwXTT7H4QGhaIkTp9447w=="
    },
    "uuid": {
      "version": "9.0.0",
      "resolved": "https://registry.npmjs.org/uuid/-/uuid-9.0.0.tgz",
      "integrity": "sha512-MXcSTerfPa4uqyzStbRoTgt5XIe3x5+42+q1sDuy3R5MDk66URdLMOZe5aPX/SQd+kuYAh0FdP/pO28IkQyTeg=="
    },
    "webidl-conversions": {
      "version": "3.0.1",
      "resolved": "https://registry.npmjs.org/webidl-conversions/-/webidl-conversions-3.0.1.tgz",
      "integrity": "sha512-2JAn3z8AR6rjK8Sm8orRC0h/bcl/DqL7tRPdGZ4I1CjdF+EaMLmYxBHyXuKL849eucPFhvBoxMsflfOb8kxaeQ=="
    },
    "whatwg-url": {
      "version": "5.0.0",
      "resolved": "https://registry.npmjs.org/whatwg-url/-/whatwg-url-5.0.0.tgz",
      "integrity": "sha512-saE57nupxk6v3HY35+jzBwYa0rKSy0XR8JSxZPwgLr7ys0IBzhGviA1/TUGJLmSVqs8pb9AnvICXEuOHLprYTw==",
      "requires": {
        "tr46": "~0.0.3",
        "webidl-conversions": "^3.0.0"
      }
    },
    "wrappy": {
      "version": "1.0.2",
      "resolved": "https://registry.npmjs.org/wrappy/-/wrappy-1.0.2.tgz",
      "integrity": "sha512-l4Sp/DRseor9wL6EvV2+TuQn63dMkPjZ/sp9XkghTEbV9KlPS1xUsZ3u7/IQO4wxtcFB4bgpQPRcR3QCvezPcQ=="
    }
  }
}
